
Microsoft Visual Studio Solution File, Format Version 12.00
# Visual Studio 15
Project("{FAE04EC0-301F-11D3-BF4B-00C04F79EFBC}") = "MyCompany.Android", "MyCompany.Android\MyCompany.Android.csproj", "{85FF4330-A29E-496C-8D69-F011FC156A39}"
EndProject
Project("{FAE04EC0-301F-11D3-BF4B-00C04F79EFBC}") = "MyCompany.iOS", "MyCompany.iOS\MyCompany.iOS.csproj", "{1463006D-F45F-4D25-A29F-9B421FA7624A}"
EndProject
Project("{FAE04EC0-301F-11D3-BF4B-00C04F79EFBC}") = "MyCompany", "MyCompany\MyCompany.csproj", "{A87DF843-7C99-47E3-B448-9F1524CEB2D3}"
EndProject
Global
	GlobalSection(SolutionConfigurationPlatforms) = preSolution
		Debug|Any CPU = Debug|Any CPU
		Release|Any CPU = Release|Any CPU
		Debug|iPhoneSimulator = Debug|iPhoneSimulator
		Release|iPhoneSimulator = Release|iPhoneSimulator
		Debug|iPhone = Debug|iPhone
		Release|iPhone = Release|iPhone
	EndGlobalSection
	GlobalSection(ProjectConfigurationPlatforms) = postSolution
		{85FF4330-A29E-496C-8D69-F011FC156A39}.Debug|Any CPU.ActiveCfg = Debug|Any CPU
		{85FF4330-A29E-496C-8D69-F011FC156A39}.Debug|Any CPU.Build.0 = Debug|Any CPU
		{85FF4330-A29E-496C-8D69-F011FC156A39}.Release|Any CPU.ActiveCfg = Release|Any CPU
		{85FF4330-A29E-496C-8D69-F011FC156A39}.Release|Any CPU.Build.0 = Release|Any CPU
		{85FF4330-A29E-496C-8D69-F011FC156A39}.Debug|iPhoneSimulator.ActiveCfg = Debug|Any CPU
		{85FF4330-A29E-496C-8D69-F011FC156A39}.Debug|iPhoneSimulator.Build.0 = Debug|Any CPU
		{85FF4330-A29E-496C-8D69-F011FC156A39}.Release|iPhoneSimulator.ActiveCfg = Release|Any CPU
		{85FF4330-A29E-496C-8D69-F011FC156A39}.Release|iPhoneSimulator.Build.0 = Release|Any CPU
		{85FF4330-A29E-496C-8D69-F011FC156A39}.Debug|iPhone.ActiveCfg = Debug|Any CPU
		{85FF4330-A29E-496C-8D69-F011FC156A39}.Debug|iPhone.Build.0 = Debug|Any CPU
		{85FF4330-A29E-496C-8D69-F011FC156A39}.Release|iPhone.ActiveCfg = Release|Any CPU
		{85FF4330-A29E-496C-8D69-F011FC156A39}.Release|iPhone.Build.0 = Release|Any CPU
		{1463006D-F45F-4D25-A29F-9B421FA7624A}.Debug|Any CPU.ActiveCfg = Debug|iPhoneSimulator
		{1463006D-F45F-4D25-A29F-9B421FA7624A}.Debug|Any CPU.Build.0 = Debug|iPhoneSimulator
		{1463006D-F45F-4D25-A29F-9B421FA7624A}.Release|Any CPU.ActiveCfg = Release|iPhoneSimulator
		{1463006D-F45F-4D25-A29F-9B421FA7624A}.Release|Any CPU.Build.0 = Release|iPhoneSimulator
		{1463006D-F45F-4D25-A29F-9B421FA7624A}.Debug|iPhoneSimulator.ActiveCfg = Debug|iPhoneSimulator
		{1463006D-F45F-4D25-A29F-9B421FA7624A}.Debug|iPhoneSimulator.Build.0 = Debug|iPhoneSimulator
		{1463006D-F45F-4D25-A29F-9B421FA7624A}.Release|iPhoneSimulator.ActiveCfg = Release|iPhoneSimulator
		{1463006D-F45F-4D25-A29F-9B421FA7624A}.Release|iPhoneSimulator.Build.0 = Release|iPhoneSimulator
		{1463006D-F45F-4D25-A29F-9B421FA7624A}.Debug|iPhone.ActiveCfg = Debug|iPhone
		{1463006D-F45F-4D25-A29F-9B421FA7624A}.Debug|iPhone.Build.0 = Debug|iPhone
		{1463006D-F45F-4D25-A29F-9B421FA7624A}.Release|iPhone.ActiveCfg = Release|iPhone
		{1463006D-F45F-4D25-A29F-9B421FA7624A}.Release|iPhone.Build.0 = Release|iPhone
		{A87DF843-7C99-47E3-B448-9F1524CEB2D3}.Debug|Any CPU.ActiveCfg = Debug|Any CPU
		{A87DF843-7C99-47E3-B448-9F1524CEB2D3}.Debug|Any CPU.Build.0 = Debug|Any CPU
		{A87DF843-7C99-47E3-B448-9F1524CEB2D3}.Release|Any CPU.ActiveCfg = Release|Any CPU
		{A87DF843-7C99-47E3-B448-9F1524CEB2D3}.Release|Any CPU.Build.0 = Release|Any CPU
		{A87DF843-7C99-47E3-B448-9F1524CEB2D3}.Debug|iPhoneSimulator.ActiveCfg = Debug|Any CPU
		{A87DF843-7C99-47E3-B448-9F1524CEB2D3}.Debug|iPhoneSimulator.Build.0 = Debug|Any CPU
		{A87DF843-7C99-47E3-B448-9F1524CEB2D3}.Release|iPhoneSimulator.ActiveCfg = Release|Any CPU
		{A87DF843-7C99-47E3-B448-9F1524CEB2D3}.Release|iPhoneSimulator.Build.0 = Release|Any CPU
		{A87DF843-7C99-47E3-B448-9F1524CEB2D3}.Debug|iPhone.ActiveCfg = Debug|Any CPU
		{A87DF843-7C99-47E3-B448-9F1524CEB2D3}.Debug|iPhone.Build.0 = Debug|Any CPU
		{A87DF843-7C99-47E3-B448-9F1524CEB2D3}.Release|iPhone.ActiveCfg = Release|Any CPU
		{A87DF843-7C99-47E3-B448-9F1524CEB2D3}.Release|iPhone.Build.0 = Release|Any CPU
	EndGlobalSection
EndGlobal
